
Microsoft Visual Studio Solution File, Format Version 12.00
# Visual Studio Version 17
VisualStudioVersion = 17.5.33530.505
MinimumVisualStudioVersion = 10.0.40219.1
Project("{9A19103F-16F7-4668-BE54-9A1E7A4F7556}") = "Blazor1", "Blazor1\Blazor1.csproj", "{338AA849-1E0A-4EB2-A324-1D6F88024701}"
EndProject
Project("{9A19103F-16F7-4668-BE54-9A1E7A4F7556}") = "Send", "Send\Send.csproj", "{733347FF-80F2-4A7D-9BA2-43C597C6490C}"
EndProject
Project("{9A19103F-16F7-4668-BE54-9A1E7A4F7556}") = "Subscribe", "Subscribe\Subscribe.csproj", "{A0732C0F-3C5F-4855-BF31-819FBC327AB8}"
EndProject
Global
	GlobalSection(SolutionConfigurationPlatforms) = preSolution
		Debug|Any CPU = Debug|Any CPU
		Release|Any CPU = Release|Any CPU
	EndGlobalSection
	GlobalSection(ProjectConfigurationPlatforms) = postSolution
		{338AA849-1E0A-4EB2-A324-1D6F88024701}.Debug|Any CPU.ActiveCfg = Debug|Any CPU
		{338AA849-1E0A-4EB2-A324-1D6F88024701}.Debug|Any CPU.Build.0 = Debug|Any CPU
		{338AA849-1E0A-4EB2-A324-1D6F88024701}.Release|Any CPU.ActiveCfg = Release|Any CPU
		{338AA849-1E0A-4EB2-A324-1D6F88024701}.Release|Any CPU.Build.0 = Release|Any CPU
		{733347FF-80F2-4A7D-9BA2-43C597C6490C}.Debug|Any CPU.ActiveCfg = Debug|Any CPU
		{733347FF-80F2-4A7D-9BA2-43C597C6490C}.Debug|Any CPU.Build.0 = Debug|Any CPU
		{733347FF-80F2-4A7D-9BA2-43C597C6490C}.Release|Any CPU.ActiveCfg = Release|Any CPU
		{733347FF-80F2-4A7D-9BA2-43C597C6490C}.Release|Any CPU.Build.0 = Release|Any CPU
		{A0732C0F-3C5F-4855-BF31-819FBC327AB8}.Debug|Any CPU.ActiveCfg = Debug|Any CPU
		{A0732C0F-3C5F-4855-BF31-819FBC327AB8}.Debug|Any CPU.Build.0 = Debug|Any CPU
		{A0732C0F-3C5F-4855-BF31-819FBC327AB8}.Release|Any CPU.ActiveCfg = Release|Any CPU
		{A0732C0F-3C5F-4855-BF31-819FBC327AB8}.Release|Any CPU.Build.0 = Release|Any CPU
	EndGlobalSection
	GlobalSection(SolutionProperties) = preSolution
		HideSolutionNode = FALSE
	EndGlobalSection
	GlobalSection(ExtensibilityGlobals) = postSolution
		SolutionGuid = {AC884527-F5C6-4E20-84A6-8B9AF32CCE78}
	EndGlobalSection
EndGlobal
